<?xml version="1.0" encoding="utf-8"?>
<Project ToolsVersion="4.0" xmlns="http://schemas.microsoft.com/developer/msbuild/2003">
  <ItemGroup>
    <Filter Include="Source Files">
      <UniqueIdentifier>{4FC737F1-C7A5-4376-A066-2A32D752A2FF}</UniqueIdentifier>
      <Extensions>cpp;c;cc;cxx;c++;cppm;ixx;def;odl;idl;hpj;bat;asm;asmx</Extensions>
    </Filter>
    <Filter Include="Header Files">
      <UniqueIdentifier>{93995380-89BD-4b04-88EB-625FBE52EBFB}</UniqueIdentifier>
      <Extensions>h;hh;hpp;hxx;h++;hm;inl;inc;ipp;xsd</Extensions>
    </Filter>
    <Filter Include="Resource Files">
      <UniqueIdentifier>{67DA6AB6-F800-4c08-8B7A-83BB121AAD01}</UniqueIdentifier>
      <Extensions>rc;ico;cur;bmp;dlg;rc2;rct;bin;rgs;gif;jpg;jpeg;jpe;resx;tiff;tif;png;wav;mfcribbon-ms</Extensions>
    </Filter>
  </ItemGroup>
  <ItemGroup>
    <ClCompile Include="Animation.cpp">
      <Filter>Source Files</Filter>
    </ClCompile>
    <ClCompile Include="Program.cpp">
      <Filter>Source Files</Filter>
    </ClCompile>
    <ClCompile Include="Arten.cpp">
      <Filter>Source Files</Filter>
    </ClCompile>
    <ClCompile Include="Bewegung.cpp">
      <Filter>Source Files</Filter>
    </ClCompile>
    <ClCompile Include="Ausloser.cpp">
      <Filter>Source Files</Filter>
    </ClCompile>
    <ClCompile Include="DataTables.cpp">
      <Filter>Source Files</Filter>
    </ClCompile>
    <ClCompile Include="Entity.cpp">
      <Filter>Source Files</Filter>
    </ClCompile>
    <ClCompile Include="Frogger.cpp">
      <Filter>Source Files</Filter>
    </ClCompile>
    <ClCompile Include="Verloren.cpp">
      <Filter>Source Files</Filter>
    </ClCompile>
    <ClCompile Include="SpielStatus.cpp">
      <Filter>Source Files</Filter>
    </ClCompile>
    <ClCompile Include="WeltKontakt.cpp">
      <Filter>Source Files</Filter>
    </ClCompile>
    <ClCompile Include="JsonFrameParser.cpp">
      <Filter>Source Files</Filter>
    </ClCompile>
    <ClCompile Include="Menu.cpp">
      <Filter>Source Files</Filter>
    </ClCompile>
    <ClCompile Include="Pause.cpp">
      <Filter>Source Files</Filter>
    </ClCompile>
    <ClCompile Include="Spieler.cpp">
      <Filter>Source Files</Filter>
    </ClCompile>
    <ClCompile Include="Elemente.cpp">
      <Filter>Source Files</Filter>
    </ClCompile>
    <ClCompile Include="SzenenElemente.cpp">
      <Filter>Source Files</Filter>
    </ClCompile>
    <ClCompile Include="SpriteElemente.cpp">
      <Filter>Source Files</Filter>
    </ClCompile>
    <ClCompile Include="Spiel.cpp">
      <Filter>Source Files</Filter>
    </ClCompile>
    <ClCompile Include="StateStack.cpp">
      <Filter>Source Files</Filter>
    </ClCompile>
    <ClCompile Include="Text.cpp">
      <Filter>Source Files</Filter>
    </ClCompile>
    <ClCompile Include="TitleNode.cpp">
      <Filter>Source Files</Filter>
    </ClCompile>
    <ClCompile Include="Werkzeug.cpp">
      <Filter>Source Files</Filter>
    </ClCompile>
    <ClCompile Include="Welt.cpp">
      <Filter>Source Files</Filter>
    </ClCompile>
    <ClCompile Include="Main.cpp">
      <Filter>Source Files</Filter>
    </ClCompile>
    <ClCompile Include="SoundSystem.cpp">
      <Filter>Source Files</Filter>
    </ClCompile>
  </ItemGroup>
  <ItemGroup>
    <ClInclude Include="Arten.h">
      <Filter>Header Files</Filter>
    </ClInclude>
    <ClInclude Include="Animation.h">
      <Filter>Header Files</Filter>
    </ClInclude>
    <ClInclude Include="Program.h">
      <Filter>Header Files</Filter>
    </ClInclude>
    <ClInclude Include="Category.h">
      <Filter>Header Files</Filter>
    </ClInclude>
    <ClInclude Include="Bewegung.h">
      <Filter>Header Files</Filter>
    </ClInclude>
    <ClInclude Include="Ausloser.h">
      <Filter>Header Files</Filter>
    </ClInclude>
    <ClInclude Include="DataTables.h">
      <Filter>Header Files</Filter>
    </ClInclude>
    <ClInclude Include="Entity.h">
      <Filter>Header Files</Filter>
    </ClInclude>
    <ClInclude Include="Frogger.h">
      <Filter>Header Files</Filter>
    </ClInclude>
    <ClInclude Include="Verloren.h">
      <Filter>Header Files</Filter>
    </ClInclude>
    <ClInclude Include="SpielStatus.h">
      <Filter>Header Files</Filter>
    </ClInclude>
    <ClInclude Include="WeltKontakt.h">
      <Filter>Header Files</Filter>
    </ClInclude>
    <ClInclude Include="json.h">
      <Filter>Header Files</Filter>
    </ClInclude>
    <ClInclude Include="JsonFrameParser.h">
      <Filter>Header Files</Filter>
    </ClInclude>
    <ClInclude Include="Menu.h">
      <Filter>Header Files</Filter>
    </ClInclude>
    <ClInclude Include="Pause.h">
      <Filter>Header Files</Filter>
    </ClInclude>
    <ClInclude Include="Spieler.h">
      <Filter>Header Files</Filter>
    </ClInclude>
    <ClInclude Include="Elemente.h">
      <Filter>Header Files</Filter>
    </ClInclude>
    <ClInclude Include="ElementErkennung.h">
      <Filter>Header Files</Filter>
    </ClInclude>
    <ClInclude Include="SzenenElemente.h">
      <Filter>Header Files</Filter>
    </ClInclude>
    <ClInclude Include="SpriteElemente.h">
      <Filter>Header Files</Filter>
    </ClInclude>
    <ClInclude Include="Spiel.h">
      <Filter>Header Files</Filter>
    </ClInclude>
    <ClInclude Include="StatenCheck.h">
      <Filter>Header Files</Filter>
    </ClInclude>
    <ClInclude Include="Leeren.h">
      <Filter>Header Files</Filter>
    </ClInclude>
    <ClInclude Include="Text.h">
      <Filter>Header Files</Filter>
    </ClInclude>
    <ClInclude Include="ElementText.h">
      <Filter>Header Files</Filter>
    </ClInclude>
    <ClInclude Include="Werkzeug.h">
      <Filter>Header Files</Filter>
    </ClInclude>
    <ClInclude Include="Welt.h">
      <Filter>Header Files</Filter>
    </ClInclude>
    <ClInclude Include="SoundSystem.h">
      <Filter>Header Files</Filter>
    </ClInclude>
  </ItemGroup>
</Project>